{
  "name": "increment-number",
  "version": "1.0.0",
  "lockfileVersion": 2,
  "requires": true,
  "browserslist": [
    ">0.2%",
    "not dead",
    "not ie <= 11",
    "not op_mini all"
  ],
  "description": "",
  "keywords": [],
  "main": "src/index.js",
  "packages": {},
  "devDependencies": {
    "typescript": "3.3.3"
  },
  "scripts": {
    "build": "react-scripts build",
    "eject": "react-scripts eject",
    "start": "react-scripts start",
    "test": "react-scripts test --env=jsdom"
  }
}
